<Solution>
  <Folder Name="/Api/">
    <Project Path="AI.FinancialKnowledgeCopilot.Api/AI.FinancialKnowledgeCopilot.Api.csproj" />
  </Folder>
  <Folder Name="/Application/">
    <Project Path="AI.FinancialKnowledgeCopilot.Application/AI.FinancialKnowledgeCopilot.Application.csproj" />
  </Folder>
  <Folder Name="/Domain/">
    <Project Path="AI.FinancialKnowledgeCopilot.Domain/AI.FinancialKnowledgeCopilot.Domain.csproj" />
  </Folder>
  <Folder Name="/Infrastructure/">
    <Project Path="AI.FinancialKnowledgeCopilot.Infrastructure/AI.FinancialKnowledgeCopilot.Infrastructure.csproj" />
    <Project Path="AI.FinancialKnowledgeCopilot.Worker/AI.FinancialKnowledgeCopilot.Worker.csproj" />
  </Folder>
  <Folder Name="/Solution Items/">
    <File Path="README.md" />
  </Folder>
  <Folder Name="/Tests/">
    <Project Path="AI.FinancialKnowledgeCopilot.Tests/AI.FinancialKnowledgeCopilot.Tests.csproj" />
  </Folder>
</Solution>
